
Microsoft Visual Studio Solution File, Format Version 12.00
# Visual Studio 2012
Project("{FAE04EC0-301F-11D3-BF4B-00C04F79EFBC}") = "FileRenamer", "FileRenamer.csproj", "{28FCA770-60BB-4177-B790-2CD73102ADBB}"
EndProject
Global
	GlobalSection(SolutionConfigurationPlatforms) = preSolution
		Debug|Any CPU = Debug|Any CPU
		Release|Any CPU = Release|Any CPU
	EndGlobalSection
	GlobalSection(ProjectConfigurationPlatforms) = postSolution
		{28FCA770-60BB-4177-B790-2CD73102ADBB}.Debug|Any CPU.ActiveCfg = Debug|Any CPU
		{28FCA770-60BB-4177-B790-2CD73102ADBB}.Debug|Any CPU.Build.0 = Debug|Any CPU
		{28FCA770-60BB-4177-B790-2CD73102ADBB}.Release|Any CPU.ActiveCfg = Release|Any CPU
		{28FCA770-60BB-4177-B790-2CD73102ADBB}.Release|Any CPU.Build.0 = Release|Any CPU
	EndGlobalSection
	GlobalSection(SolutionProperties) = preSolution
		HideSolutionNode = FALSE
	EndGlobalSection
EndGlobal
